github.com/aead/argon2 v0.0.0-20180111183520-a87724528b07 h1:i9/M2RadeVsPBMNwXFiaYkXQi9lY9VuZeI4Onavd3pA=
github.com/aead/argon2 v0.0.0-20180111183520-a87724528b07/go.mod h1:Tnm/osX+XXr9R+S71o5/F0E60sRkPVALdhWw25qPImQ=
github.com/aead/chacha20 v0.0.0-20180709150244-8b13a72661da h1:KjTM2ks9d14ZYCvmHS9iAKVt9AyzRSqNU1qabPih5BY=
github.com/aead/chacha20 v0.0.0-20180709150244-8b13a72661da/go.mod h1:eHEWzANqSiWQsof+nXEI9bUVUyV6F53Fp89EuCh2EAA=
github.com/atotto/clipboard v0.0.0-20180322013007-5e2c7bddca04 h1:TnVmnVFM0kOpKs3LBc88iitp7eEmeIXT+sn6yBgG2lY=
github.com/atotto/clipboard v0.0.0-20180322013007-5e2c7bddca04/go.mod h1:ZY9tmq7sm5xIbd9bOK4onWV4S6X0u6GY7Vn0Yu86PYI=
github.com/inconshreveable/mousetrap v1.0.0 h1:Z8tu5sraLXCXIcARxBp/8cbvlwVa7Z1NHg9XEKhtSvM=
github.com/inconshreveable/mousetrap v1.0.0/go.mod h1:PxqpIevigyE2G7u3NXJIT2ANytuPF1OarO4DADm73n8=
github.com/spf13/cobra v0.0.3 h1:ZlrZ4XsMRm04Fr5pSFxBgfND2EBVa1nLpiy1stUsX/8=
github.com/spf13/cobra v0.0.3/go.mod h1:1l0Ry5zgKvJasoi3XT1TypsSe7PqH0Sj9dhYf7v3XqQ=
github.com/spf13/pflag v1.0.1 h1:aCvUg6QPl3ibpQUxyLkrEkCHtPqYJL4x9AuhqVqFis4=
github.com/spf13/pflag v1.0.1/go.mod h1:DYY7MBk1bdzusC3SYhjObp+wFpr4gzcvqqNjLnInEg4=
github.com/tobischo/gokeepasslib/v2 v2.0.0 h1:hqiAcr6bvK3CMnXDbxq0GQ4pNJm6BvsEzQTdssWwpy4=
github.com/tobischo/gokeepasslib/v2 v2.0.0/go.mod h1:Wca43r2cC7uWDV7kl6chWp8Bh4XDg/p1Rg38AFDZRC4=
golang.org/x/crypto v0.0.0-20181112202954-3d3f9f413869 h1:kkXA53yGe04D0adEYJwEVQjeBppL01Exg+fnMjfUraU=
golang.org/x/crypto v0.0.0-20181112202954-3d3f9f413869/go.mod h1:6SG95UA2DQfeDnfUPMdvaQW0Q7yPrPDi9nlGo2tz2b4=
golang.org/x/sys v0.0.0-20181119195503-ec83556a53fe h1:I5KvcSfxR/TkvFksuALBTCS44kh6MaPO1rHR9vT0iQQ=
golang.org/x/sys v0.0.0-20181119195503-ec83556a53fe/go.mod h1:STP8DvDyc/dI5b8T5hshtkjS+E42TnysNCUPdjciGhY=
